
Microsoft Visual Studio Solution File, Format Version 12.00
# Visual Studio Version 17
VisualStudioVersion = 17.3.32929.385
MinimumVisualStudioVersion = 10.0.40219.1
Project("{8BC9CEB8-8B4A-11D0-8D11-00A0C91BC942}") = "OAIP Lab 6", "OAIP Lab 6\OAIP Lab 6.vcxproj", "{1947CF50-9939-48E1-9C07-59BA8CD36F35}"
EndProject
Global
	GlobalSection(SolutionConfigurationPlatforms) = preSolution
		Debug|x64 = Debug|x64
		Debug|x86 = Debug|x86
		Release|x64 = Release|x64
		Release|x86 = Release|x86
	EndGlobalSection
	GlobalSection(ProjectConfigurationPlatforms) = postSolution
		{1947CF50-9939-48E1-9C07-59BA8CD36F35}.Debug|x64.ActiveCfg = Debug|x64
		{1947CF50-9939-48E1-9C07-59BA8CD36F35}.Debug|x64.Build.0 = Debug|x64
		{1947CF50-9939-48E1-9C07-59BA8CD36F35}.Debug|x86.ActiveCfg = Debug|Win32
		{1947CF50-9939-48E1-9C07-59BA8CD36F35}.Debug|x86.Build.0 = Debug|Win32
		{1947CF50-9939-48E1-9C07-59BA8CD36F35}.Release|x64.ActiveCfg = Release|x64
		{1947CF50-9939-48E1-9C07-59BA8CD36F35}.Release|x64.Build.0 = Release|x64
		{1947CF50-9939-48E1-9C07-59BA8CD36F35}.Release|x86.ActiveCfg = Release|Win32
		{1947CF50-9939-48E1-9C07-59BA8CD36F35}.Release|x86.Build.0 = Release|Win32
	EndGlobalSection
	GlobalSection(SolutionProperties) = preSolution
		HideSolutionNode = FALSE
	EndGlobalSection
	GlobalSection(ExtensibilityGlobals) = postSolution
		SolutionGuid = {F74F4C58-CABF-46B1-A898-0F8D47890D31}
	EndGlobalSection
EndGlobal
